{
  "name": "dataset-generator",
  "version": "1.0.0",
  "lockfileVersion": 1,
  "requires": true,
  "dependencies": {
    "alea": {
      "version": "0.0.9",
      "resolved": "https://registry.npmjs.org/alea/-/alea-0.0.9.tgz",
      "integrity": "sha1-9zjLRfg0MAafRc9pzL8xLdV6nho="
    },
    "random-indian-name": {
      "version": "1.0.0",
      "resolved": "https://registry.npmjs.org/random-indian-name/-/random-indian-name-1.0.0.tgz",
      "integrity": "sha1-X7BcQGW58CLl4IduoN7grGWOmt4=",
      "requires": {
        "alea": "0.0.9"
      }
    }
  }
}
